
Microsoft Visual Studio Solution File, Format Version 12.00
# Visual Studio Version 17
VisualStudioVersion = 17.8.34316.72
MinimumVisualStudioVersion = 10.0.40219.1
Project("{9A19103F-16F7-4668-BE54-9A1E7A4F7556}") = "URLShortenerAPI", "URLShortenerAPI\URLShortenerAPI.csproj", "{C9E2A665-D758-4FC7-A8DE-67ACB6E350AD}"
EndProject
Project("{9A19103F-16F7-4668-BE54-9A1E7A4F7556}") = "URLShortenerTest", "URLShortenerTest\URLShortenerTest.csproj", "{F9B3312E-22CC-45B8-8EB3-30F9A85DEF37}"
EndProject
Global
	GlobalSection(SolutionConfigurationPlatforms) = preSolution
		Debug|Any CPU = Debug|Any CPU
		Release|Any CPU = Release|Any CPU
	EndGlobalSection
	GlobalSection(ProjectConfigurationPlatforms) = postSolution
		{C9E2A665-D758-4FC7-A8DE-67ACB6E350AD}.Debug|Any CPU.ActiveCfg = Debug|Any CPU
		{C9E2A665-D758-4FC7-A8DE-67ACB6E350AD}.Debug|Any CPU.Build.0 = Debug|Any CPU
		{C9E2A665-D758-4FC7-A8DE-67ACB6E350AD}.Release|Any CPU.ActiveCfg = Release|Any CPU
		{C9E2A665-D758-4FC7-A8DE-67ACB6E350AD}.Release|Any CPU.Build.0 = Release|Any CPU
		{F9B3312E-22CC-45B8-8EB3-30F9A85DEF37}.Debug|Any CPU.ActiveCfg = Debug|Any CPU
		{F9B3312E-22CC-45B8-8EB3-30F9A85DEF37}.Debug|Any CPU.Build.0 = Debug|Any CPU
		{F9B3312E-22CC-45B8-8EB3-30F9A85DEF37}.Release|Any CPU.ActiveCfg = Release|Any CPU
		{F9B3312E-22CC-45B8-8EB3-30F9A85DEF37}.Release|Any CPU.Build.0 = Release|Any CPU
	EndGlobalSection
	GlobalSection(SolutionProperties) = preSolution
		HideSolutionNode = FALSE
	EndGlobalSection
	GlobalSection(ExtensibilityGlobals) = postSolution
		SolutionGuid = {C40F1004-6E38-4799-A5B8-D7CCB45A8D3B}
	EndGlobalSection
EndGlobal
